{
    "_meta": {
        "hash": {
            "sha256": "ad0ab518ac817564b558978b8769dd5b618b9abe9819c43887f344f1d44c8502"
        },
        "pipfile-spec": 6,
        "requires": {
            "python_version": "3.8"
        },
        "sources": [
            {
                "name": "pypi",
                "url": "https://pypi.org/simple",
                "verify_ssl": true
            }
        ]
    },
    "default": {
        "async-timeout": {
            "hashes": [
                "sha256:2163e1640ddb52b7a8c80d0a67a08587e5d245cc9c553a74a847056bc2976b15",
                "sha256:8ca1e4fcf50d07413d66d1a5e416e42cfdf5851c981d679a09851a6853383b3c"
            ],
            "markers": "python_version >= '3.6'",
            "version": "==4.0.2"
        },
        "base-model-guiosoft": {
            "hashes": [
                "sha256:49953d13de52c3516b73655c2e4359cc95ef1dc9895d6b66c8cb88937baf25f8",
                "sha256:edccb7ffda7b371df5bd8dbe854fdec49e7b1f637e4d4c0a2f10d3de57b5f6a7"
            ],
            "index": "pypi",
            "version": "==0.0.3"
        },
        "cache-guiosoft": {
            "hashes": [
                "sha256:58fdc528bc0c8331015e10e811675f5481031d21f7d15f386cf603fda8dceb7f",
                "sha256:6edda9bb75151c242992ceb07c979844d04826d7baa24d2b37791d2b3b0dce0a"
            ],
            "index": "pypi",
            "version": "==0.0.7"
        },
        "certifi": {
            "hashes": [
                "sha256:35824b4c3a97115964b408844d64aa14db1cc518f6562e8d7261699d1350a9e3",
                "sha256:4ad3232f5e926d6718ec31cfc1fcadfde020920e278684144551c91769c7bc18"
            ],
            "index": "pypi",
            "version": "==2022.12.7"
        },
        "charset-normalizer": {
            "hashes": [
                "sha256:5a3d016c7c547f69d6f81fb0db9449ce888b418b5b9952cc5e6e66843e9dd845",
                "sha256:83e9a75d1911279afd89352c68b45348559d1fc0506b054b346651b5e7fee29f"
            ],
            "markers": "python_version >= '3.6'",
            "version": "==2.1.1"
        },
        "et-xmlfile": {
            "hashes": [
                "sha256:8eb9e2bc2f8c97e37a2dc85a09ecdcdec9d8a396530a6d5a33b30b9a92da0c5c",
                "sha256:a2ba85d1d6a74ef63837eed693bcb89c3f752169b0e3e7ae5b16ca5e1b3deada"
            ],
            "markers": "python_version >= '3.6'",
            "version": "==1.1.0"
        },
        "idna": {
            "hashes": [
                "sha256:814f528e8dead7d329833b91c5faa87d60bf71824cd12a7530b5526063d02cb4",
                "sha256:90b77e79eaa3eba6de819a0c442c0b4ceefc341a7a2ab77d7562bf49f425c5c2"
            ],
            "markers": "python_version >= '3.5'",
            "version": "==3.4"
        },
        "openpyxl": {
            "hashes": [
                "sha256:0ab6d25d01799f97a9464630abacbb34aafecdcaa0ef3cba6d6b3499867d0355",
                "sha256:e47805627aebcf860edb4edf7987b1309c1b3632f3750538ed962bbcc3bd7449"
            ],
            "index": "pypi",
            "version": "==3.0.10"
        },
        "orjson": {
            "hashes": [
                "sha256:0379ad4c0246281f136a93ed357e342f24070c7055f00aeff9a69c2352e38d10",
                "sha256:0459893746dc80dbfb262a24c08fdba2a737d44d26691e85f27b2223cac8075f",
                "sha256:068febdc7e10655a68a381d2db714d0a90ce46dc81519a4962521a0af07697fb",
                "sha256:194aef99db88b450b0005406f259ad07df545e6c9632f2a64c04986a0faf2c68",
                "sha256:3497dde5c99dd616554f0dcb694b955a2dc3eb920fe36b150f88ce53e3be2a46",
                "sha256:37196a7f2219508c6d944d7d5ea0000a226818787dadbbed309bfa6174f0402b",
                "sha256:3e9e54ff8c9253d7f01ebc5836a1308d0ebe8e5c2edee620867a49556a158484",
                "sha256:4b0c13e05da5bc1a6b2e1d3b117cc669e2267ce0a131e94845056d506ef041c6",
                "sha256:4b587ec06ab7dd4fb5acf50af98314487b7d56d6e1a7f05d49d8367e0e0b23bc",
                "sha256:4cd0bb7e843ceba759e4d4cc2ca9243d1a878dac42cdcfc2295883fbd5bd2400",
                "sha256:4fff44ca121329d62e48582850a247a487e968cfccd5527fab20bd5b650b78c3",
                "sha256:52540572c349179e2a7b6a7b98d6e9320e0333533af809359a95f7b57a61c506",
                "sha256:54f3ef512876199d7dacd348a0fc53392c6be15bdf857b2d67fa1b089d561b98",
                "sha256:65ea3336c2bda31bc938785b84283118dec52eb90a2946b140054873946f60a4",
                "sha256:6bf425bba42a8cee49d611ddd50b7fea9e87787e77bf90b2cb9742293f319480",
                "sha256:75de90c34db99c42ee7608ff88320442d3ce17c258203139b5a8b0afb4a9b43b",
                "sha256:78d69020fa9cf28b363d2494e5f1f10210e8fecf49bf4a767fcffcce7b9d7f58",
                "sha256:7f0ec0ca4e81492569057199e042607090ba48289c4f59f29bbc219282b8dc60",
                "sha256:83891e9c3a172841f63cae75ff9ce78f12e4c2c5161baec7af725b1d71d4de21",
                "sha256:8fe6188ea2a1165280b4ff5fab92753b2007665804e8214be3d00d0b83b5764e",
                "sha256:94bd4295fadea984b6284dc55f7d1ea828240057f3b6a1d8ec3fe4d1ea596964",
                "sha256:961bc1dcbc3a89b52e8979194b3043e7d28ffc979187e46ad23efa8ada612d04",
                "sha256:989bf5980fc8aca43a9d0a50ea0a0eee81257e812aaceb1e9c0dbd0856fc5230",
                "sha256:a30503ee24fc3c59f768501d7a7ded5119a631c79033929a5035a4c91901eac7",
                "sha256:aa57fe8b32750a64c816840444ec4d1e4310630ecd9d1d7b3db4b45d248b5585",
                "sha256:b7018494a7a11bcd04da1173c3a38fa5a866f905c138326504552231824ac9c1",
                "sha256:b70782258c73913eb6542c04b6556c841247eb92eeace5db2ee2e1d4cb6ffaa5",
                "sha256:ca61e6c5a86efb49b790c8e331ff05db6d5ed773dfc9b58667ea3b260971cfb2",
                "sha256:cbdfbd49d58cbaabfa88fcdf9e4f09487acca3d17f144648668ea6ae06cc3183",
                "sha256:cf3dad7dbf65f78fefca0eb385d606844ea58a64fe908883a32768dfaee0b952",
                "sha256:d30d427a1a731157206ddb1e95620925298e4c7c3f93838f53bd19f6069be244",
                "sha256:d46241e63df2d39f4b7d44e2ff2becfb6646052b963afb1a99f4ef8c2a31aba0",
                "sha256:d5870ced447a9fbeb5aeb90f362d9106b80a32f729a57b59c64684dbc9175e92",
                "sha256:d746da1260bbe7cb06200813cc40482fb1b0595c4c09c3afffe34cfc408d0a4a",
                "sha256:dbd74d2d3d0b7ac8ca968c3be51d4cfbecec65c6d6f55dabe95e975c234d0338",
                "sha256:dc29ff612030f3c2e8d7c0bc6c74d18b76dde3726230d892524735498f29f4b2",
                "sha256:e570fdfa09b84cc7c42a3a6dd22dbd2177cb5f3798feefc430066b260886acae",
                "sha256:eda1534a5289168614f21422861cbfb1abb8a82d66c00a8ba823d863c0797178",
                "sha256:ef3b4c7931989eb973fbbcc38accf7711d607a2b0ed84817341878ec8effb9c5",
                "sha256:f06ef273d8d4101948ebc4262a485737bcfd440fb83dd4b125d3e5f4226117bc",
                "sha256:f1612e08b8254d359f9b72c4a4099d46cdc0f58b574da48472625a0e80222b6e",
                "sha256:f8ff793a3188c21e646219dc5e2c60a74dde25c26de3075f4c2e33cf25835340",
                "sha256:faf44a709f54cf490a27ccb0fb1cb5a99005c36ff7cb127d222306bf84f5493f",
                "sha256:ff96c61127550ae25caab325e1f4a4fba2740ca77f8e81640f1b8b575e95f784"
            ],
            "markers": "python_version >= '3.7'",
            "version": "==3.8.3"
        },
        "python-dateutil": {
            "hashes": [
                "sha256:0123cacc1627ae19ddf3c27a5de5bd67ee4586fbdd6440d9748f8abb483d3e86",
                "sha256:961d03dc3453ebbc59dbdea9e4e11c5651520a876d0f4db161e8674aae935da9"
            ],
            "markers": "python_version >= '2.7' and python_version not in '3.0, 3.1, 3.2, 3.3'",
            "version": "==2.8.2"
        },
        "python-dotenv": {
            "hashes": [
                "sha256:b7e3b04a59693c42c36f9ab1cc2acc46fa5df8c78e178fc33a8d4cd05c8d498f",
                "sha256:d92a187be61fe482e4fd675b6d52200e7be63a12b724abbf931a40ce4fa92938"
            ],
            "index": "pypi",
            "version": "==0.20.0"
        },
        "redis": {
            "hashes": [
                "sha256:7b8c87d19c45d3f1271b124858d2a5c13160c4e74d4835e28273400fa34d5228",
                "sha256:cae3ee5d1f57d8caf534cd8764edf3163c77e073bdd74b6f54a87ffafdc5e7d9"
            ],
            "markers": "python_version >= '3.7'",
            "version": "==4.4.0"
        },
        "requests": {
            "hashes": [
                "sha256:7c5599b102feddaa661c826c56ab4fee28bfd17f5abca1ebbe3e7f19d7c97983",
                "sha256:8fefa2a1a1365bf5520aac41836fbee479da67864514bdb821f31ce07ce65349"
            ],
            "index": "pypi",
            "version": "==2.28.1"
        },
        "six": {
            "hashes": [
                "sha256:1e61c37477a1626458e36f7b1d82aa5c9b094fa4802892072e49de9c60c4c926",
                "sha256:8abb2f1d86890a2dfb989f9a77cfcfd3e47c2a354b01111771326f8aa26e0254"
            ],
            "markers": "python_version >= '2.7' and python_version not in '3.0, 3.1, 3.2, 3.3'",
            "version": "==1.16.0"
        },
        "urllib3": {
            "hashes": [
                "sha256:47cc05d99aaa09c9e72ed5809b60e7ba354e64b59c9c173ac3018642d8bb41fc",
                "sha256:c083dd0dce68dbfbe1129d5271cb90f9447dea7d52097c6e0126120c521ddea8"
            ],
            "markers": "python_version >= '2.7' and python_version not in '3.0, 3.1, 3.2, 3.3, 3.4, 3.5'",
            "version": "==1.26.13"
        }
    },
    "develop": {
        "autopep8": {
            "hashes": [
                "sha256:44f0932855039d2c15c4510d6df665e4730f2b8582704fa48f9c55bd3e17d979",
                "sha256:ed77137193bbac52d029a52c59bec1b0629b5a186c495f1eb21b126ac466083f"
            ],
            "index": "pypi",
            "version": "==1.6.0"
        },
        "coverage": {
            "hashes": [
                "sha256:01c5615d13f3dd3aa8543afc069e5319cfa0c7d712f6e04b920431e5c564a749",
                "sha256:106c16dfe494de3193ec55cac9640dd039b66e196e4641fa8ac396181578b982",
                "sha256:129cd05ba6f0d08a766d942a9ed4b29283aff7b2cccf5b7ce279d50796860bb3",
                "sha256:145f296d00441ca703a659e8f3eb48ae39fb083baba2d7ce4482fb2723e050d9",
                "sha256:1480ff858b4113db2718848d7b2d1b75bc79895a9c22e76a221b9d8d62496428",
                "sha256:269eaa2c20a13a5bf17558d4dc91a8d078c4fa1872f25303dddcbba3a813085e",
                "sha256:26dff09fb0d82693ba9e6231248641d60ba606150d02ed45110f9ec26404ed1c",
                "sha256:2bd9a6fc18aab8d2e18f89b7ff91c0f34ff4d5e0ba0b33e989b3cd4194c81fd9",
                "sha256:309ce4a522ed5fca432af4ebe0f32b21d6d7ccbb0f5fcc99290e71feba67c264",
                "sha256:3384f2a3652cef289e38100f2d037956194a837221edd520a7ee5b42d00cc605",
                "sha256:342d4aefd1c3e7f620a13f4fe563154d808b69cccef415415aece4c786665397",
                "sha256:39ee53946bf009788108b4dd2894bf1349b4e0ca18c2016ffa7d26ce46b8f10d",
                "sha256:4321f075095a096e70aff1d002030ee612b65a205a0a0f5b815280d5dc58100c",
                "sha256:4803e7ccf93230accb928f3a68f00ffa80a88213af98ed338a57ad021ef06815",
                "sha256:4ce1b258493cbf8aec43e9b50d89982346b98e9ffdfaae8ae5793bc112fb0068",
                "sha256:664a47ce62fe4bef9e2d2c430306e1428ecea207ffd68649e3b942fa8ea83b0b",
                "sha256:75ab269400706fab15981fd4bd5080c56bd5cc07c3bccb86aab5e1d5a88dc8f4",
                "sha256:83c4e737f60c6936460c5be330d296dd5b48b3963f48634c53b3f7deb0f34ec4",
                "sha256:84631e81dd053e8a0d4967cedab6db94345f1c36107c71698f746cb2636c63e3",
                "sha256:84e65ef149028516c6d64461b95a8dbcfce95cfd5b9eb634320596173332ea84",
                "sha256:865d69ae811a392f4d06bde506d531f6a28a00af36f5c8649684a9e5e4a85c83",
                "sha256:87f4f3df85aa39da00fd3ec4b5abeb7407e82b68c7c5ad181308b0e2526da5d4",
                "sha256:8c08da0bd238f2970230c2a0d28ff0e99961598cb2e810245d7fc5afcf1254e8",
                "sha256:961e2fb0680b4f5ad63234e0bf55dfb90d302740ae9c7ed0120677a94a1590cb",
                "sha256:9b3e07152b4563722be523e8cd0b209e0d1a373022cfbde395ebb6575bf6790d",
                "sha256:a7f3049243783df2e6cc6deafc49ea123522b59f464831476d3d1448e30d72df",
                "sha256:bf5601c33213d3cb19d17a796f8a14a9eaa5e87629a53979a5981e3e3ae166f6",
                "sha256:cec3a0f75c8f1031825e19cd86ee787e87cf03e4fd2865c79c057092e69e3a3b",
                "sha256:d42c549a8f41dc103a8004b9f0c433e2086add8a719da00e246e17cbe4056f72",
                "sha256:d67d44996140af8b84284e5e7d398e589574b376fb4de8ccd28d82ad8e3bea13",
                "sha256:d9c80df769f5ec05ad21ea34be7458d1dc51ff1fb4b2219e77fe24edf462d6df",
                "sha256:e57816f8ffe46b1df8f12e1b348f06d164fd5219beba7d9433ba79608ef011cc",
                "sha256:ee2ddcac99b2d2aec413e36d7a429ae9ebcadf912946b13ffa88e7d4c9b712d6",
                "sha256:f02cbbf8119db68455b9d763f2f8737bb7db7e43720afa07d8eb1604e5c5ae28",
                "sha256:f1d5aa2703e1dab4ae6cf416eb0095304f49d004c39e9db1d86f57924f43006b",
                "sha256:f5b66caa62922531059bc5ac04f836860412f7f88d38a476eda0a6f11d4724f4",
                "sha256:f69718750eaae75efe506406c490d6fc5a6161d047206cc63ce25527e8a3adad",
                "sha256:fb73e0011b8793c053bfa85e53129ba5f0250fdc0392c1591fd35d915ec75c46",
                "sha256:fd180ed867e289964404051a958f7cccabdeed423f91a899829264bb7974d3d3",
                "sha256:fdb6f7bd51c2d1714cea40718f6149ad9be6a2ee7d93b19e9f00934c0f2a74d9",
                "sha256:ffa9297c3a453fba4717d06df579af42ab9a28022444cae7fa605af4df612d54"
            ],
            "index": "pypi",
            "version": "==6.4.1"
        },
        "flake8": {
            "hashes": [
                "sha256:479b1304f72536a55948cb40a32dce8bb0ffe3501e26eaf292c7e60eb5e0428d",
                "sha256:806e034dda44114815e23c16ef92f95c91e4c71100ff52813adf7132a6ad870d"
            ],
            "index": "pypi",
            "version": "==4.0.1"
        },
        "mccabe": {
            "hashes": [
                "sha256:ab8a6258860da4b6677da4bd2fe5dc2c659cff31b3ee4f7f5d64e79735b80d42",
                "sha256:dd8d182285a0fe56bace7f45b5e7d1a6ebcbf524e8f3bd87eb0f125271b8831f"
            ],
            "version": "==0.6.1"
        },
        "pycodestyle": {
            "hashes": [
                "sha256:720f8b39dde8b293825e7ff02c475f3077124006db4f440dcbc9a20b76548a20",
                "sha256:eddd5847ef438ea1c7870ca7eb78a9d47ce0cdb4851a5523949f2601d0cbbe7f"
            ],
            "markers": "python_version >= '2.7' and python_version not in '3.0, 3.1, 3.2, 3.3, 3.4'",
            "version": "==2.8.0"
        },
        "pyflakes": {
            "hashes": [
                "sha256:05a85c2872edf37a4ed30b0cce2f6093e1d0581f8c19d7393122da7e25b2b24c",
                "sha256:3bb3a3f256f4b7968c9c788781e4ff07dce46bdf12339dcda61053375426ee2e"
            ],
            "markers": "python_version >= '2.7' and python_version not in '3.0, 3.1, 3.2, 3.3'",
            "version": "==2.4.0"
        },
        "toml": {
            "hashes": [
                "sha256:806143ae5bfb6a3c6e736a764057db0e6a0e05e338b5630894a5f779cabb4f9b",
                "sha256:b3bda1d108d5dd99f4a20d24d9c348e91c4db7ab1b749200bded2f839ccbe68f"
            ],
            "markers": "python_version >= '2.6' and python_version not in '3.0, 3.1, 3.2, 3.3'",
            "version": "==0.10.2"
        }
    }
}
